
Microsoft Visual Studio Solution File, Format Version 12.00
# Visual Studio 15
VisualStudioVersion = 15.0.27130.2027
MinimumVisualStudioVersion = 10.0.40219.1
Project("{FAE04EC0-301F-11D3-BF4B-00C04F79EFBC}") = "JonathanByrne.MovieLib.Windows", "JonathanByrne.MovieLib.Windows\JonathanByrne.MovieLib.Windows.csproj", "{2FCFE400-F7CA-4BAA-8100-591ACE3B0F9F}"
EndProject
Project("{FAE04EC0-301F-11D3-BF4B-00C04F79EFBC}") = "JonathanByrne.MovieLib", "JonathanByrne.MovieLib\JonathanByrne.MovieLib.csproj", "{C69D007D-7A50-4A9B-B4E7-979A90B75314}"
EndProject
Global
	GlobalSection(SolutionConfigurationPlatforms) = preSolution
		Debug|Any CPU = Debug|Any CPU
		Release|Any CPU = Release|Any CPU
	EndGlobalSection
	GlobalSection(ProjectConfigurationPlatforms) = postSolution
		{2FCFE400-F7CA-4BAA-8100-591ACE3B0F9F}.Debug|Any CPU.ActiveCfg = Debug|Any CPU
		{2FCFE400-F7CA-4BAA-8100-591ACE3B0F9F}.Debug|Any CPU.Build.0 = Debug|Any CPU
		{2FCFE400-F7CA-4BAA-8100-591ACE3B0F9F}.Release|Any CPU.ActiveCfg = Release|Any CPU
		{2FCFE400-F7CA-4BAA-8100-591ACE3B0F9F}.Release|Any CPU.Build.0 = Release|Any CPU
		{C69D007D-7A50-4A9B-B4E7-979A90B75314}.Debug|Any CPU.ActiveCfg = Debug|Any CPU
		{C69D007D-7A50-4A9B-B4E7-979A90B75314}.Debug|Any CPU.Build.0 = Debug|Any CPU
		{C69D007D-7A50-4A9B-B4E7-979A90B75314}.Release|Any CPU.ActiveCfg = Release|Any CPU
		{C69D007D-7A50-4A9B-B4E7-979A90B75314}.Release|Any CPU.Build.0 = Release|Any CPU
	EndGlobalSection
	GlobalSection(SolutionProperties) = preSolution
		HideSolutionNode = FALSE
	EndGlobalSection
	GlobalSection(ExtensibilityGlobals) = postSolution
		SolutionGuid = {EFA23B5C-77CF-4FC4-8D47-F0B0C8DB6759}
	EndGlobalSection
EndGlobal
