
Microsoft Visual Studio Solution File, Format Version 12.00
# Visual Studio 15
VisualStudioVersion = 15.0.27130.2010
MinimumVisualStudioVersion = 10.0.40219.1
Project("{FAE04EC0-301F-11D3-BF4B-00C04F79EFBC}") = "Nile.Windows", "Nile.Windows\Nile.Windows.csproj", "{8CB31050-6807-45F5-B64D-DD4652859BEC}"
EndProject
Project("{FAE04EC0-301F-11D3-BF4B-00C04F79EFBC}") = "Nile", "Nile\Nile.csproj", "{498499CD-FA2F-4286-A5BA-C92707DC20CD}"
EndProject
Project("{FAE04EC0-301F-11D3-BF4B-00C04F79EFBC}") = "Nile.Data.Memory", "Nile.Data.Memory\Nile.Data.Memory.csproj", "{63BA469F-EBEF-4A7D-AFCF-7AAE6CCC38E7}"
EndProject
Global
	GlobalSection(SolutionConfigurationPlatforms) = preSolution
		Debug|Any CPU = Debug|Any CPU
		Release|Any CPU = Release|Any CPU
	EndGlobalSection
	GlobalSection(ProjectConfigurationPlatforms) = postSolution
		{8CB31050-6807-45F5-B64D-DD4652859BEC}.Debug|Any CPU.ActiveCfg = Debug|Any CPU
		{8CB31050-6807-45F5-B64D-DD4652859BEC}.Debug|Any CPU.Build.0 = Debug|Any CPU
		{8CB31050-6807-45F5-B64D-DD4652859BEC}.Release|Any CPU.ActiveCfg = Release|Any CPU
		{8CB31050-6807-45F5-B64D-DD4652859BEC}.Release|Any CPU.Build.0 = Release|Any CPU
		{498499CD-FA2F-4286-A5BA-C92707DC20CD}.Debug|Any CPU.ActiveCfg = Debug|Any CPU
		{498499CD-FA2F-4286-A5BA-C92707DC20CD}.Debug|Any CPU.Build.0 = Debug|Any CPU
		{498499CD-FA2F-4286-A5BA-C92707DC20CD}.Release|Any CPU.ActiveCfg = Release|Any CPU
		{498499CD-FA2F-4286-A5BA-C92707DC20CD}.Release|Any CPU.Build.0 = Release|Any CPU
		{63BA469F-EBEF-4A7D-AFCF-7AAE6CCC38E7}.Debug|Any CPU.ActiveCfg = Debug|Any CPU
		{63BA469F-EBEF-4A7D-AFCF-7AAE6CCC38E7}.Debug|Any CPU.Build.0 = Debug|Any CPU
		{63BA469F-EBEF-4A7D-AFCF-7AAE6CCC38E7}.Release|Any CPU.ActiveCfg = Release|Any CPU
		{63BA469F-EBEF-4A7D-AFCF-7AAE6CCC38E7}.Release|Any CPU.Build.0 = Release|Any CPU
	EndGlobalSection
	GlobalSection(SolutionProperties) = preSolution
		HideSolutionNode = FALSE
	EndGlobalSection
	GlobalSection(ExtensibilityGlobals) = postSolution
		SolutionGuid = {2CA63F24-CBC0-457C-A4CE-BF8E57FBE4F7}
	EndGlobalSection
EndGlobal
