
Microsoft Visual Studio Solution File, Format Version 12.00
# Visual Studio 15
VisualStudioVersion = 15.0.27130.2036
MinimumVisualStudioVersion = 10.0.40219.1
Project("{FAE04EC0-301F-11D3-BF4B-00C04F79EFBC}") = "JonathanByrne.MovieLib.Windows", "JonathanByrne.MovieLib.Windows\JonathanByrne.MovieLib.Windows.csproj", "{2FCFE400-F7CA-4BAA-8100-591ACE3B0F9F}"
EndProject
Project("{FAE04EC0-301F-11D3-BF4B-00C04F79EFBC}") = "JonathanByrne.MovieLib", "JonathanByrne.MovieLib\JonathanByrne.MovieLib.csproj", "{C69D007D-7A50-4A9B-B4E7-979A90B75314}"
EndProject
Project("{FAE04EC0-301F-11D3-BF4B-00C04F79EFBC}") = "JonathanByrne.MovieLib.Data.Memory", "JonathanByrne.MovieLib.Data.Memory\JonathanByrne.MovieLib.Data.Memory.csproj", "{42A584DC-4EE6-409C-91F9-BB71426D64EE}"
EndProject
Project("{FAE04EC0-301F-11D3-BF4B-00C04F79EFBC}") = "JonathanByrne.MovieLib.Data.Sql", "JonathanByrne.MovieLib.Data.Sql\JonathanByrne.MovieLib.Data.Sql.csproj", "{DDF0A647-3746-472F-A211-1C5FC402F0A8}"
EndProject
Project("{00D1A9C2-B5F0-4AF3-8072-F6C62B433612}") = "MovieDatabase", "MovieDatabase\MovieDatabase.sqlproj", "{D336CD26-C9B8-4B7F-83E7-2F951DF1FABC}"
EndProject
Global
	GlobalSection(SolutionConfigurationPlatforms) = preSolution
		Debug|Any CPU = Debug|Any CPU
		Release|Any CPU = Release|Any CPU
	EndGlobalSection
	GlobalSection(ProjectConfigurationPlatforms) = postSolution
		{2FCFE400-F7CA-4BAA-8100-591ACE3B0F9F}.Debug|Any CPU.ActiveCfg = Debug|Any CPU
		{2FCFE400-F7CA-4BAA-8100-591ACE3B0F9F}.Debug|Any CPU.Build.0 = Debug|Any CPU
		{2FCFE400-F7CA-4BAA-8100-591ACE3B0F9F}.Release|Any CPU.ActiveCfg = Release|Any CPU
		{2FCFE400-F7CA-4BAA-8100-591ACE3B0F9F}.Release|Any CPU.Build.0 = Release|Any CPU
		{C69D007D-7A50-4A9B-B4E7-979A90B75314}.Debug|Any CPU.ActiveCfg = Debug|Any CPU
		{C69D007D-7A50-4A9B-B4E7-979A90B75314}.Debug|Any CPU.Build.0 = Debug|Any CPU
		{C69D007D-7A50-4A9B-B4E7-979A90B75314}.Release|Any CPU.ActiveCfg = Release|Any CPU
		{C69D007D-7A50-4A9B-B4E7-979A90B75314}.Release|Any CPU.Build.0 = Release|Any CPU
		{42A584DC-4EE6-409C-91F9-BB71426D64EE}.Debug|Any CPU.ActiveCfg = Debug|Any CPU
		{42A584DC-4EE6-409C-91F9-BB71426D64EE}.Debug|Any CPU.Build.0 = Debug|Any CPU
		{42A584DC-4EE6-409C-91F9-BB71426D64EE}.Release|Any CPU.ActiveCfg = Release|Any CPU
		{42A584DC-4EE6-409C-91F9-BB71426D64EE}.Release|Any CPU.Build.0 = Release|Any CPU
		{DDF0A647-3746-472F-A211-1C5FC402F0A8}.Debug|Any CPU.ActiveCfg = Debug|Any CPU
		{DDF0A647-3746-472F-A211-1C5FC402F0A8}.Debug|Any CPU.Build.0 = Debug|Any CPU
		{DDF0A647-3746-472F-A211-1C5FC402F0A8}.Release|Any CPU.ActiveCfg = Release|Any CPU
		{DDF0A647-3746-472F-A211-1C5FC402F0A8}.Release|Any CPU.Build.0 = Release|Any CPU
		{D336CD26-C9B8-4B7F-83E7-2F951DF1FABC}.Debug|Any CPU.ActiveCfg = Debug|Any CPU
		{D336CD26-C9B8-4B7F-83E7-2F951DF1FABC}.Debug|Any CPU.Build.0 = Debug|Any CPU
		{D336CD26-C9B8-4B7F-83E7-2F951DF1FABC}.Debug|Any CPU.Deploy.0 = Debug|Any CPU
		{D336CD26-C9B8-4B7F-83E7-2F951DF1FABC}.Release|Any CPU.ActiveCfg = Release|Any CPU
		{D336CD26-C9B8-4B7F-83E7-2F951DF1FABC}.Release|Any CPU.Build.0 = Release|Any CPU
		{D336CD26-C9B8-4B7F-83E7-2F951DF1FABC}.Release|Any CPU.Deploy.0 = Release|Any CPU
	EndGlobalSection
	GlobalSection(SolutionProperties) = preSolution
		HideSolutionNode = FALSE
	EndGlobalSection
	GlobalSection(ExtensibilityGlobals) = postSolution
		SolutionGuid = {EFA23B5C-77CF-4FC4-8D47-F0B0C8DB6759}
	EndGlobalSection
EndGlobal
