
Microsoft Visual Studio Solution File, Format Version 12.00
# Visual Studio 15
VisualStudioVersion = 15.0.27130.2010
MinimumVisualStudioVersion = 10.0.40219.1
Project("{FAE04EC0-301F-11D3-BF4B-00C04F79EFBC}") = "JonathanByrne.MovieLib.Host", "JonathanByrne.MovieLib.Host\JonathanByrne.MovieLib.Host.csproj", "{24FBB3BD-B370-49C1-A7D1-029E1AADD4E1}"
EndProject
Global
	GlobalSection(SolutionConfigurationPlatforms) = preSolution
		Debug|Any CPU = Debug|Any CPU
		Release|Any CPU = Release|Any CPU
	EndGlobalSection
	GlobalSection(ProjectConfigurationPlatforms) = postSolution
		{24FBB3BD-B370-49C1-A7D1-029E1AADD4E1}.Debug|Any CPU.ActiveCfg = Debug|Any CPU
		{24FBB3BD-B370-49C1-A7D1-029E1AADD4E1}.Debug|Any CPU.Build.0 = Debug|Any CPU
		{24FBB3BD-B370-49C1-A7D1-029E1AADD4E1}.Release|Any CPU.ActiveCfg = Release|Any CPU
		{24FBB3BD-B370-49C1-A7D1-029E1AADD4E1}.Release|Any CPU.Build.0 = Release|Any CPU
	EndGlobalSection
	GlobalSection(SolutionProperties) = preSolution
		HideSolutionNode = FALSE
	EndGlobalSection
	GlobalSection(ExtensibilityGlobals) = postSolution
		SolutionGuid = {A7D7DA23-2C84-4E62-ADA2-A16942077712}
	EndGlobalSection
EndGlobal
